
Microsoft Visual Studio Solution File, Format Version 12.00
Project("{FAE04EC0-301F-11D3-BF4B-00C04F79EFBC}") = "RedisElasticBenchmark", "RedisElasticBenchmark\RedisElasticBenchmark.csproj", "{DDAA18A1-B8BA-426E-A3C4-5B1E806D77E3}"
EndProject
Global
	GlobalSection(SolutionConfigurationPlatforms) = preSolution
		Debug|Any CPU = Debug|Any CPU
		Release|Any CPU = Release|Any CPU
	EndGlobalSection
	GlobalSection(ProjectConfigurationPlatforms) = postSolution
		{DDAA18A1-B8BA-426E-A3C4-5B1E806D77E3}.Debug|Any CPU.ActiveCfg = Debug|Any CPU
		{DDAA18A1-B8BA-426E-A3C4-5B1E806D77E3}.Debug|Any CPU.Build.0 = Debug|Any CPU
		{DDAA18A1-B8BA-426E-A3C4-5B1E806D77E3}.Release|Any CPU.ActiveCfg = Release|Any CPU
		{DDAA18A1-B8BA-426E-A3C4-5B1E806D77E3}.Release|Any CPU.Build.0 = Release|Any CPU
	EndGlobalSection
EndGlobal
